
Microsoft Visual Studio Solution File, Format Version 12.00
# Visual Studio 15
VisualStudioVersion = 15.0.28307.421
MinimumVisualStudioVersion = 10.0.40219.1
Project("{FAE04EC0-301F-11D3-BF4B-00C04F79EFBC}") = "Test", "Test\Test.csproj", "{D6CA64AF-C976-4852-9602-DF56E7F5DD4D}"
EndProject
Global
	GlobalSection(SolutionConfigurationPlatforms) = preSolution
		Debug|Any CPU = Debug|Any CPU
		Release|Any CPU = Release|Any CPU
	EndGlobalSection
	GlobalSection(ProjectConfigurationPlatforms) = postSolution
		{D6CA64AF-C976-4852-9602-DF56E7F5DD4D}.Debug|Any CPU.ActiveCfg = Debug|Any CPU
		{D6CA64AF-C976-4852-9602-DF56E7F5DD4D}.Debug|Any CPU.Build.0 = Debug|Any CPU
		{D6CA64AF-C976-4852-9602-DF56E7F5DD4D}.Release|Any CPU.ActiveCfg = Release|Any CPU
		{D6CA64AF-C976-4852-9602-DF56E7F5DD4D}.Release|Any CPU.Build.0 = Release|Any CPU
	EndGlobalSection
	GlobalSection(SolutionProperties) = preSolution
		HideSolutionNode = FALSE
	EndGlobalSection
	GlobalSection(ExtensibilityGlobals) = postSolution
		SolutionGuid = {968ED083-BD43-4CE8-8FDA-7163A12E5D39}
	EndGlobalSection
EndGlobal
